// !$*UTF8*$!
{
	archiveVersion = 1;
	classes = {
	};
	objectVersion = 50;
	objects = {

/* Begin PBXBuildFile section */
		C1218B692456EB8100A3D581 /* AppDelegate.swift in Sources */ = {isa = PBXBuildFile; fileRef = C1218B682456EB8100A3D581 /* AppDelegate.swift */; };
		C1218B6B2456EB8100A3D581 /* SceneDelegate.swift in Sources */ = {isa = PBXBuildFile; fileRef = C1218B6A2456EB8100A3D581 /* SceneDelegate.swift */; };
		C1218B6D2456EB8100A3D581 /* ContentView.swift in Sources */ = {isa = PBXBuildFile; fileRef = C1218B6C2456EB8100A3D581 /* ContentView.swift */; };
		C1218B6F2456EB8100A3D581 /* Assets.xcassets in Resources */ = {isa = PBXBuildFile; fileRef = C1218B6E2456EB8100A3D581 /* Assets.xcassets */; };
		C1218B722456EB8100A3D581 /* Preview Assets.xcassets in Resources */ = {isa = PBXBuildFile; fileRef = C1218B712456EB8100A3D581 /* Preview Assets.xcassets */; };
		C1218B752456EB8100A3D581 /* LaunchScreen.storyboard in Resources */ = {isa = PBXBuildFile; fileRef = C1218B732456EB8100A3D581 /* LaunchScreen.storyboard */; };
/* End PBXBuildFile section */

/* Begin PBXFileReference section */
		C1218B652456EB8100A3D581 /* MySegment Tab.app */ = {isa = PBXFileReference; explicitFileType = wrapper.application; includeInIndex = 0; path = "MySegment Tab.app"; sourceTree = BUILT_PRODUCTS_DIR; };
		C1218B682456EB8100A3D581 /* AppDelegate.swift */ = {isa = PBXFileReference; lastKnownFileType = sourcecode.swift; path = AppDelegate.swift; sourceTree = "<group>"; };
		C1218B6A2456EB8100A3D581 /* SceneDelegate.swift */ = {isa = PBXFileReference; lastKnownFileType = sourcecode.swift; path = SceneDelegate.swift; sourceTree = "<group>"; };
		C1218B6C2456EB8100A3D581 /* ContentView.swift */ = {isa = PBXFileReference; lastKnownFileType = sourcecode.swift; path = ContentView.swift; sourceTree = "<group>"; };
		C1218B6E2456EB8100A3D581 /* Assets.xcassets */ = {isa = PBXFileReference; lastKnownFileType = folder.assetcatalog; path = Assets.xcassets; sourceTree = "<group>"; };
		C1218B712456EB8100A3D581 /* Preview Assets.xcassets */ = {isa = PBXFileReference; lastKnownFileType = folder.assetcatalog; path = "Preview Assets.xcassets"; sourceTree = "<group>"; };
		C1218B742456EB8100A3D581 /* Base */ = {isa = PBXFileReference; lastKnownFileType = file.storyboard; name = Base; path = Base.lproj/LaunchScreen.storyboard; sourceTree = "<group>"; };
		C1218B762456EB8100A3D581 /* Info.plist */ = {isa = PBXFileReference; lastKnownFileType = text.plist.xml; path = Info.plist; sourceTree = "<group>"; };
/* End PBXFileReference section */

/* Begin PBXFrameworksBuildPhase section */
		C1218B622456EB8100A3D581 /* Frameworks */ = {
			isa = PBXFrameworksBuildPhase;
			buildActionMask = 2147483647;
			files = (
			);
			runOnlyForDeploymentPostprocessing = 0;
		};
/* End PBXFrameworksBuildPhase section */

/* Begin PBXGroup section */
		C1218B5C2456EB8000A3D581 = {
			isa = PBXGroup;
			children = (
				C1218B672456EB8100A3D581 /* MySegment Tab */,
				C1218B662456EB8100A3D581 /* Products */,
			);
			sourceTree = "<group>";
		};
		C1218B662456EB8100A3D581 /* Products */ = {
			isa = PBXGroup;
			children = (
				C1218B652456EB8100A3D581 /* MySegment Tab.app */,
			);
			name = Products;
			sourceTree = "<group>";
		};
		C1218B672456EB8100A3D581 /* MySegment Tab */ = {
			isa = PBXGroup;
			children = (
				C1218B682456EB8100A3D581 /* AppDelegate.swift */,
				C1218B6A2456EB8100A3D581 /* SceneDelegate.swift */,
				C1218B6C2456EB8100A3D581 /* ContentView.swift */,
				C1218B6E2456EB8100A3D581 /* Assets.xcassets */,
				C1218B732456EB8100A3D581 /* LaunchScreen.storyboard */,
				C1218B762456EB8100A3D581 /* Info.plist */,
				C1218B702456EB8100A3D581 /* Preview Content */,
			);
			path = "MySegment Tab";
			sourceTree = "<group>";
		};
		C1218B702456EB8100A3D581 /* Preview Content */ = {
			isa = PBXGroup;
			children = (
				C1218B712456EB8100A3D581 /* Preview Assets.xcassets */,
			);
			path = "Preview Content";
			sourceTree = "<group>";
		};
/* End PBXGroup section */

/* Begin PBXNativeTarget section */
		C1218B642456EB8100A3D581 /* MySegment Tab */ = {
			isa = PBXNativeTarget;
			buildConfigurationList = C1218B792456EB8100A3D581 /* Build configuration list for PBXNativeTarget "MySegment Tab" */;
			buildPhases = (
				C1218B612456EB8100A3D581 /* Sources */,
				C1218B622456EB8100A3D581 /* Frameworks */,
				C1218B632456EB8100A3D581 /* Resources */,
			);
			buildRules = (
			);
			dependencies = (
			);
			name = "MySegment Tab";
			productName = "MySegment Tab";
			productReference = C1218B652456EB8100A3D581 /* MySegment Tab.app */;
			productType = "com.apple.product-type.application";
		};
/* End PBXNativeTarget section */

/* Begin PBXProject section */
		C1218B5D2456EB8000A3D581 /* Project object */ = {
			isa = PBXProject;
			attributes = {
				LastSwiftUpdateCheck = 1140;
				LastUpgradeCheck = 1140;
				ORGANIZATIONNAME = yht;
				TargetAttributes = {
					C1218B642456EB8100A3D581 = {
						CreatedOnToolsVersion = 11.4;
					};
				};
			};
			buildConfigurationList = C1218B602456EB8000A3D581 /* Build configuration list for PBXProject "MySegment Tab" */;
			compatibilityVersion = "Xcode 9.3";
			developmentRegion = en;
			hasScannedForEncodings = 0;
			knownRegions = (
				en,
				Base,
			);
			mainGroup = C1218B5C2456EB8000A3D581;
			productRefGroup = C1218B662456EB8100A3D581 /* Products */;
			projectDirPath = "";
			projectRoot = "";
			targets = (
				C1218B642456EB8100A3D581 /* MySegment Tab */,
			);
		};
/* End PBXProject section */

/* Begin PBXResourcesBuildPhase section */
		C1218B632456EB8100A3D581 /* Resources */ = {
			isa = PBXResourcesBuildPhase;
			buildActionMask = 2147483647;
			files = (
				C1218B752456EB8100A3D581 /* LaunchScreen.storyboard in Resources */,
				C1218B722456EB8100A3D581 /* Preview Assets.xcassets in Resources */,
				C1218B6F2456EB8100A3D581 /* Assets.xcassets in Resources */,
			);
			runOnlyForDeploymentPostprocessing = 0;
		};
/* End PBXResourcesBuildPhase section */

/* Begin PBXSourcesBuildPhase section */
		C1218B612456EB8100A3D581 /* Sources */ = {
			isa = PBXSourcesBuildPhase;
			buildActionMask = 2147483647;
			files = (
				C1218B692456EB8100A3D581 /* AppDelegate.swift in Sources */,
				C1218B6B2456EB8100A3D581 /* SceneDelegate.swift in Sources */,
				C1218B6D2456EB8100A3D581 /* ContentView.swift in Sources */,
			);
			runOnlyForDeploymentPostprocessing = 0;
		};
/* End PBXSourcesBuildPhase section */

/* Begin PBXVariantGroup section */
		C1218B732456EB8100A3D581 /* LaunchScreen.storyboard */ = {
			isa = PBXVariantGroup;
			children = (
				C1218B742456EB8100A3D581 /* Base */,
			);
			name = LaunchScreen.storyboard;
			sourceTree = "<group>";
		};
/* End PBXVariantGroup section */

/* Begin XCBuildConfiguration section */
		C1218B772456EB8100A3D581 /* Debug */ = {
			isa = XCBuildConfiguration;
			buildSettings = {
				ALWAYS_SEARCH_USER_PATHS = NO;
				CLANG_ANALYZER_NONNULL = YES;
				CLANG_ANALYZER_NUMBER_OBJECT_CONVERSION = YES_AGGRESSIVE;
				CLANG_CXX_LANGUAGE_STANDARD = "gnu++14";
				CLANG_CXX_LIBRARY = "libc++";
				CLANG_ENABLE_MODULES = YES;
				CLANG_ENABLE_OBJC_ARC = YES;
				CLANG_ENABLE_OBJC_WEAK = YES;
				CLANG_WARN_BLOCK_CAPTURE_AUTORELEASING = YES;
				CLANG_WARN_BOOL_CONVERSION = YES;
				CLANG_WARN_COMMA = YES;
				CLANG_WARN_CONSTANT_CONVERSION = YES;
				CLANG_WARN_DEPRECATED_OBJC_IMPLEMENTATIONS = YES;
				CLANG_WARN_DIRECT_OBJC_ISA_USAGE = YES_ERROR;
				CLANG_WARN_DOCUMENTATION_COMMENTS = YES;
				CLANG_WARN_EMPTY_BODY = YES;
				CLANG_WARN_ENUM_CONVERSION = YES;
				CLANG_WARN_INFINITE_RECURSION = YES;
				CLANG_WARN_INT_CONVERSION = YES;
				CLANG_WARN_NON_LITERAL_NULL_CONVERSION = YES;
				CLANG_WARN_OBJC_IMPLICIT_RETAIN_SELF = YES;
				CLANG_WARN_OBJC_LITERAL_CONVERSION = YES;
				CLANG_WARN_OBJC_ROOT_CLASS = YES_ERROR;
				CLANG_WARN_RANGE_LOOP_ANALYSIS = YES;
				CLANG_WARN_STRICT_PROTOTYPES = YES;
				CLANG_WARN_SUSPICIOUS_MOVE = YES;
				CLANG_WARN_UNGUARDED_AVAILABILITY = YES_AGGRESSIVE;
				CLANG_WARN_UNREACHABLE_CODE = YES;
				CLANG_WARN__DUPLICATE_METHOD_MATCH = YES;
				COPY_PHASE_STRIP = NO;
				DEBUG_INFORMATION_FORMAT = dwarf;
				ENABLE_STRICT_OBJC_MSGSEND = YES;
				ENABLE_TESTABILITY = YES;
				GCC_C_LANGUAGE_STANDARD = gnu11;
				GCC_DYNAMIC_NO_PIC = NO;
				GCC_NO_COMMON_BLOCKS = YES;
				GCC_OPTIMIZATION_LEVEL = 0;
				GCC_PREPROCESSOR_DEFINITIONS = (
					"DEBUG=1",
					"$(inherited)",
				);
				GCC_WARN_64_TO_32_BIT_CONVERSION = YES;
				GCC_WARN_ABOUT_RETURN_TYPE = YES_ERROR;
				GCC_WARN_UNDECLARED_SELECTOR = YES;
				GCC_WARN_UNINITIALIZED_AUTOS = YES_AGGRESSIVE;
				GCC_WARN_UNUSED_FUNCTION = YES;
				GCC_WARN_UNUSED_VARIABLE = YES;
				IPHONEOS_DEPLOYMENT_TARGET = 13.4;
				MTL_ENABLE_DEBUG_INFO = INCLUDE_SOURCE;
				MTL_FAST_MATH = YES;
				ONLY_ACTIVE_ARCH = YES;
				SDKROOT = iphoneos;
				SWIFT_ACTIVE_COMPILATION_CONDITIONS = DEBUG;
				SWIFT_OPTIMIZATION_LEVEL = "-Onone";
			};
			name = Debug;
		};
		C1218B782456EB8100A3D581 /* Release */ = {
			isa = XCBuildConfiguration;
			buildSettings = {
				ALWAYS_SEARCH_USER_PATHS = NO;
				CLANG_ANALYZER_NONNULL = YES;
				CLANG_ANALYZER_NUMBER_OBJECT_CONVERSION = YES_AGGRESSIVE;
				CLANG_CXX_LANGUAGE_STANDARD = "gnu++14";
				CLANG_CXX_LIBRARY = "libc++";
				CLANG_ENABLE_MODULES = YES;
				CLANG_ENABLE_OBJC_ARC = YES;
				CLANG_ENABLE_OBJC_WEAK = YES;
				CLANG_WARN_BLOCK_CAPTURE_AUTORELEASING = YES;
				CLANG_WARN_BOOL_CONVERSION = YES;
				CLANG_WARN_COMMA = YES;
				CLANG_WARN_CONSTANT_CONVERSION = YES;
				CLANG_WARN_DEPRECATED_OBJC_IMPLEMENTATIONS = YES;
				CLANG_WARN_DIRECT_OBJC_ISA_USAGE = YES_ERROR;
				CLANG_WARN_DOCUMENTATION_COMMENTS = YES;
				CLANG_WARN_EMPTY_BODY = YES;
				CLANG_WARN_ENUM_CONVERSION = YES;
				CLANG_WARN_INFINITE_RECURSION = YES;
				CLANG_WARN_INT_CONVERSION = YES;
				CLANG_WARN_NON_LITERAL_NULL_CONVERSION = YES;
				CLANG_WARN_OBJC_IMPLICIT_RETAIN_SELF = YES;
				CLANG_WARN_OBJC_LITERAL_CONVERSION = YES;
				CLANG_WARN_OBJC_ROOT_CLASS = YES_ERROR;
				CLANG_WARN_RANGE_LOOP_ANALYSIS = YES;
				CLANG_WARN_STRICT_PROTOTYPES = YES;
				CLANG_WARN_SUSPICIOUS_MOVE = YES;
				CLANG_WARN_UNGUARDED_AVAILABILITY = YES_AGGRESSIVE;
				CLANG_WARN_UNREACHABLE_CODE = YES;
				CLANG_WARN__DUPLICATE_METHOD_MATCH = YES;
				COPY_PHASE_STRIP = NO;
				DEBUG_INFORMATION_FORMAT = "dwarf-with-dsym";
				ENABLE_NS_ASSERTIONS = NO;
				ENABLE_STRICT_OBJC_MSGSEND = YES;
				GCC_C_LANGUAGE_STANDARD = gnu11;
				GCC_NO_COMMON_BLOCKS = YES;
				GCC_WARN_64_TO_32_BIT_CONVERSION = YES;
				GCC_WARN_ABOUT_RETURN_TYPE = YES_ERROR;
				GCC_WARN_UNDECLARED_SELECTOR = YES;
				GCC_WARN_UNINITIALIZED_AUTOS = YES_AGGRESSIVE;
				GCC_WARN_UNUSED_FUNCTION = YES;
				GCC_WARN_UNUSED_VARIABLE = YES;
				IPHONEOS_DEPLOYMENT_TARGET = 13.4;
				MTL_ENABLE_DEBUG_INFO = NO;
				MTL_FAST_MATH = YES;
				SDKROOT = iphoneos;
				SWIFT_COMPILATION_MODE = wholemodule;
				SWIFT_OPTIMIZATION_LEVEL = "-O";
				VALIDATE_PRODUCT = YES;
			};
			name = Release;
		};
		C1218B7A2456EB8100A3D581 /* Debug */ = {
			isa = XCBuildConfiguration;
			buildSettings = {
				ASSETCATALOG_COMPILER_APPICON_NAME = AppIcon;
				CODE_SIGN_STYLE = Automatic;
				DEVELOPMENT_ASSET_PATHS = "\"MySegment Tab/Preview Content\"";
				ENABLE_PREVIEWS = YES;
				INFOPLIST_FILE = "MySegment Tab/Info.plist";
				LD_RUNPATH_SEARCH_PATHS = (
					"$(inherited)",
					"@executable_path/Frameworks",
				);
				PRODUCT_BUNDLE_IDENTIFIER = "Yang.org.MySegment-Tab";
				PRODUCT_NAME = "$(TARGET_NAME)";
				SWIFT_VERSION = 5.0;
				TARGETED_DEVICE_FAMILY = "1,2";
			};
			name = Debug;
		};
		C1218B7B2456EB8100A3D581 /* Release */ = {
			isa = XCBuildConfiguration;
			buildSettings = {
				ASSETCATALOG_COMPILER_APPICON_NAME = AppIcon;
				CODE_SIGN_STYLE = Automatic;
				DEVELOPMENT_ASSET_PATHS = "\"MySegment Tab/Preview Content\"";
				ENABLE_PREVIEWS = YES;
				INFOPLIST_FILE = "MySegment Tab/Info.plist";
				LD_RUNPATH_SEARCH_PATHS = (
					"$(inherited)",
					"@executable_path/Frameworks",
				);
				PRODUCT_BUNDLE_IDENTIFIER = "Yang.org.MySegment-Tab";
				PRODUCT_NAME = "$(TARGET_NAME)";
				SWIFT_VERSION = 5.0;
				TARGETED_DEVICE_FAMILY = "1,2";
			};
			name = Release;
		};
/* End XCBuildConfiguration section */

/* Begin XCConfigurationList section */
		C1218B602456EB8000A3D581 /* Build configuration list for PBXProject "MySegment Tab" */ = {
			isa = XCConfigurationList;
			buildConfigurations = (
				C1218B772456EB8100A3D581 /* Debug */,
				C1218B782456EB8100A3D581 /* Release */,
			);
			defaultConfigurationIsVisible = 0;
			defaultConfigurationName = Release;
		};
		C1218B792456EB8100A3D581 /* Build configuration list for PBXNativeTarget "MySegment Tab" */ = {
			isa = XCConfigurationList;
			buildConfigurations = (
				C1218B7A2456EB8100A3D581 /* Debug */,
				C1218B7B2456EB8100A3D581 /* Release */,
			);
			defaultConfigurationIsVisible = 0;
			defaultConfigurationName = Release;
		};
/* End XCConfigurationList section */
	};
	rootObject = C1218B5D2456EB8000A3D581 /* Project object */;
}
